
Microsoft Visual Studio Solution File, Format Version 12.00
Project("{FAE04EC0-301F-11D3-BF4B-00C04F79EFBC}") = "APBD_TEST_2_C", "APBD_TEST_2_C\APBD_TEST_2_C.csproj", "{F5FC1AE5-A1F5-4456-A52B-41FE0C55EB67}"
EndProject
Global
	GlobalSection(SolutionConfigurationPlatforms) = preSolution
		Debug|Any CPU = Debug|Any CPU
		Release|Any CPU = Release|Any CPU
	EndGlobalSection
	GlobalSection(ProjectConfigurationPlatforms) = postSolution
		{F5FC1AE5-A1F5-4456-A52B-41FE0C55EB67}.Debug|Any CPU.ActiveCfg = Debug|Any CPU
		{F5FC1AE5-A1F5-4456-A52B-41FE0C55EB67}.Debug|Any CPU.Build.0 = Debug|Any CPU
		{F5FC1AE5-A1F5-4456-A52B-41FE0C55EB67}.Release|Any CPU.ActiveCfg = Release|Any CPU
		{F5FC1AE5-A1F5-4456-A52B-41FE0C55EB67}.Release|Any CPU.Build.0 = Release|Any CPU
	EndGlobalSection
EndGlobal
